
Microsoft Visual Studio Solution File, Format Version 12.00
# Visual Studio 2013
VisualStudioVersion = 12.0.21005.1
MinimumVisualStudioVersion = 10.0.40219.1
Project("{FAE04EC0-301F-11D3-BF4B-00C04F79EFBC}") = "Kolo.Service", "Kolo.Service\Kolo.Service.csproj", "{49D6FB40-2EA5-4F22-BDCD-8C86A2D116A6}"
EndProject
Project("{FAE04EC0-301F-11D3-BF4B-00C04F79EFBC}") = "Kolo.Service.Tests", "Kolo.Service.Tests\Kolo.Service.Tests.csproj", "{D440F843-5475-4D60-A7EB-799B13FE98E1}"
EndProject
Project("{FAE04EC0-301F-11D3-BF4B-00C04F79EFBC}") = "Kolo.Web.Tests", "Kolo.Web.Tests\Kolo.Web.Tests.csproj", "{DABBC631-437E-4482-B2A2-1E647A04772E}"
EndProject
Project("{FAE04EC0-301F-11D3-BF4B-00C04F79EFBC}") = "Kolo.Web", "Kolo.Web\Kolo.Web.csproj", "{F6D75D47-3E89-40D8-A8BE-3C88CF556979}"
EndProject
Project("{FAE04EC0-301F-11D3-BF4B-00C04F79EFBC}") = "Kolo.Core", "Kolo.Core\Kolo.Core.csproj", "{6C960CA7-B4E7-488E-9DA2-A670F37E4E39}"
EndProject
Project("{FAE04EC0-301F-11D3-BF4B-00C04F79EFBC}") = "Kolo.Core.Tests", "Kolo.Core.Tests\Kolo.Core.Tests.csproj", "{10148830-B5B8-43CC-9BB8-C0CDCECD5B9E}"
EndProject
Global
	GlobalSection(SolutionConfigurationPlatforms) = preSolution
		Debug|Any CPU = Debug|Any CPU
		Release|Any CPU = Release|Any CPU
	EndGlobalSection
	GlobalSection(ProjectConfigurationPlatforms) = postSolution
		{49D6FB40-2EA5-4F22-BDCD-8C86A2D116A6}.Debug|Any CPU.ActiveCfg = Debug|Any CPU
		{49D6FB40-2EA5-4F22-BDCD-8C86A2D116A6}.Debug|Any CPU.Build.0 = Debug|Any CPU
		{49D6FB40-2EA5-4F22-BDCD-8C86A2D116A6}.Release|Any CPU.ActiveCfg = Release|Any CPU
		{49D6FB40-2EA5-4F22-BDCD-8C86A2D116A6}.Release|Any CPU.Build.0 = Release|Any CPU
		{D440F843-5475-4D60-A7EB-799B13FE98E1}.Debug|Any CPU.ActiveCfg = Debug|Any CPU
		{D440F843-5475-4D60-A7EB-799B13FE98E1}.Debug|Any CPU.Build.0 = Debug|Any CPU
		{D440F843-5475-4D60-A7EB-799B13FE98E1}.Release|Any CPU.ActiveCfg = Release|Any CPU
		{D440F843-5475-4D60-A7EB-799B13FE98E1}.Release|Any CPU.Build.0 = Release|Any CPU
		{DABBC631-437E-4482-B2A2-1E647A04772E}.Debug|Any CPU.ActiveCfg = Debug|Any CPU
		{DABBC631-437E-4482-B2A2-1E647A04772E}.Debug|Any CPU.Build.0 = Debug|Any CPU
		{DABBC631-437E-4482-B2A2-1E647A04772E}.Release|Any CPU.ActiveCfg = Release|Any CPU
		{DABBC631-437E-4482-B2A2-1E647A04772E}.Release|Any CPU.Build.0 = Release|Any CPU
		{F6D75D47-3E89-40D8-A8BE-3C88CF556979}.Debug|Any CPU.ActiveCfg = Debug|Any CPU
		{F6D75D47-3E89-40D8-A8BE-3C88CF556979}.Debug|Any CPU.Build.0 = Debug|Any CPU
		{F6D75D47-3E89-40D8-A8BE-3C88CF556979}.Release|Any CPU.ActiveCfg = Release|Any CPU
		{F6D75D47-3E89-40D8-A8BE-3C88CF556979}.Release|Any CPU.Build.0 = Release|Any CPU
		{6C960CA7-B4E7-488E-9DA2-A670F37E4E39}.Debug|Any CPU.ActiveCfg = Debug|Any CPU
		{6C960CA7-B4E7-488E-9DA2-A670F37E4E39}.Debug|Any CPU.Build.0 = Debug|Any CPU
		{6C960CA7-B4E7-488E-9DA2-A670F37E4E39}.Release|Any CPU.ActiveCfg = Release|Any CPU
		{6C960CA7-B4E7-488E-9DA2-A670F37E4E39}.Release|Any CPU.Build.0 = Release|Any CPU
		{10148830-B5B8-43CC-9BB8-C0CDCECD5B9E}.Debug|Any CPU.ActiveCfg = Debug|Any CPU
		{10148830-B5B8-43CC-9BB8-C0CDCECD5B9E}.Debug|Any CPU.Build.0 = Debug|Any CPU
		{10148830-B5B8-43CC-9BB8-C0CDCECD5B9E}.Release|Any CPU.ActiveCfg = Release|Any CPU
		{10148830-B5B8-43CC-9BB8-C0CDCECD5B9E}.Release|Any CPU.Build.0 = Release|Any CPU
	EndGlobalSection
	GlobalSection(SolutionProperties) = preSolution
		HideSolutionNode = FALSE
	EndGlobalSection
EndGlobal
